// !$*UTF8*$!
{
	archiveVersion = 1;
	classes = {
	};
	objectVersion = 77;
	objects = {

/* Begin PBXBuildFile section */
		44AB82882F4CE11E00D42103 /* Lottie in Frameworks */ = {isa = PBXBuildFile; productRef = 44B911812F4C9B0000B3D836 /* Lottie */; };
		44B911692F4C9A1400B3D836 /* SkylightWeatherWidget.appex in Embed App Extensions */ = {isa = PBXBuildFile; fileRef = 44B911602F4C9A1400B3D836 /* SkylightWeatherWidget.appex */; settings = {ATTRIBUTES = (RemoveHeadersOnCopy, ); }; };
/* End PBXBuildFile section */

/* Begin PBXContainerItemProxy section */
		44B911442F4C9A1400B3D836 /* PBXContainerItemProxy */ = {
			isa = PBXContainerItemProxy;
			containerPortal = 44B9112C2F4C9A1300B3D836 /* Project object */;
			proxyType = 1;
			remoteGlobalIDString = 44B911332F4C9A1300B3D836;
			remoteInfo = SkylightWeather;
		};
		44B9114E2F4C9A1400B3D836 /* PBXContainerItemProxy */ = {
			isa = PBXContainerItemProxy;
			containerPortal = 44B9112C2F4C9A1300B3D836 /* Project object */;
			proxyType = 1;
			remoteGlobalIDString = 44B911332F4C9A1300B3D836;
			remoteInfo = SkylightWeather;
		};
		44B9116C2F4C9A1400B3D836 /* PBXContainerItemProxy */ = {
			isa = PBXContainerItemProxy;
			containerPortal = 44B9112C2F4C9A1300B3D836 /* Project object */;
			proxyType = 1;
			remoteGlobalIDString = 44B911652F4C9A1400B3D836;
			remoteInfo = SkylightWeatherWidget;
		};
/* End PBXContainerItemProxy section */

/* Begin PBXCopyFilesBuildPhase section */
		44B9116A2F4C9A1400B3D836 /* Embed App Extensions */ = {
			isa = PBXCopyFilesBuildPhase;
			buildActionMask = 2147483647;
			dstPath = "";
			dstSubfolderSpec = 13;
			files = (
				44B911692F4C9A1400B3D836 /* SkylightWeatherWidget.appex in Embed App Extensions */,
			);
			name = "Embed App Extensions";
			runOnlyForDeploymentPostprocessing = 0;
		};
/* End PBXCopyFilesBuildPhase section */

/* Begin PBXFileReference section */
		44B911342F4C9A1300B3D836 /* SkylightWeather.app */ = {isa = PBXFileReference; explicitFileType = wrapper.application; includeInIndex = 0; path = SkylightWeather.app; sourceTree = BUILT_PRODUCTS_DIR; };
		44B911432F4C9A1400B3D836 /* SkylightWeatherTests.xctest */ = {isa = PBXFileReference; explicitFileType = wrapper.cfbundle; includeInIndex = 0; path = SkylightWeatherTests.xctest; sourceTree = BUILT_PRODUCTS_DIR; };
		44B9114D2F4C9A1400B3D836 /* SkylightWeatherUITests.xctest */ = {isa = PBXFileReference; explicitFileType = wrapper.cfbundle; includeInIndex = 0; path = SkylightWeatherUITests.xctest; sourceTree = BUILT_PRODUCTS_DIR; };
		44B911602F4C9A1400B3D836 /* SkylightWeatherWidget.appex */ = {isa = PBXFileReference; explicitFileType = "wrapper.app-extension"; includeInIndex = 0; path = SkylightWeatherWidget.appex; sourceTree = BUILT_PRODUCTS_DIR; };
/* End PBXFileReference section */

/* Begin PBXFileSystemSynchronizedBuildFileExceptionSet section */
		44B9116D2F4C9A1400B3D836 /* Exceptions for "SkylightWeatherWidget" folder in "SkylightWeatherWidget" target */ = {
			isa = PBXFileSystemSynchronizedBuildFileExceptionSet;
			membershipExceptions = (
				Info.plist,
			);
			target = 44B911652F4C9A1400B3D836 /* SkylightWeatherWidget */;
		};
/* End PBXFileSystemSynchronizedBuildFileExceptionSet section */

/* Begin PBXFileSystemSynchronizedRootGroup section */
		44B911362F4C9A1300B3D836 /* SkylightWeather */ = {
			isa = PBXFileSystemSynchronizedRootGroup;
			path = SkylightWeather;
			sourceTree = "<group>";
		};
		44B911462F4C9A1400B3D836 /* SkylightWeatherTests */ = {
			isa = PBXFileSystemSynchronizedRootGroup;
			path = SkylightWeatherTests;
			sourceTree = "<group>";
		};
		44B911502F4C9A1400B3D836 /* SkylightWeatherUITests */ = {
			isa = PBXFileSystemSynchronizedRootGroup;
			path = SkylightWeatherUITests;
			sourceTree = "<group>";
		};
		44B911612F4C9A1400B3D836 /* SkylightWeatherWidget */ = {
			isa = PBXFileSystemSynchronizedRootGroup;
			exceptions = (
				44B9116D2F4C9A1400B3D836 /* Exceptions for "SkylightWeatherWidget" folder in "SkylightWeatherWidget" target */,
			);
			path = SkylightWeatherWidget;
			sourceTree = "<group>";
		};
		44B911702F4C9A1400B3D836 /* SkylightWeatherShared */ = {
			isa = PBXFileSystemSynchronizedRootGroup;
			path = SkylightWeatherShared;
			sourceTree = "<group>";
		};
/* End PBXFileSystemSynchronizedRootGroup section */

/* Begin PBXFrameworksBuildPhase section */
		44B911312F4C9A1300B3D836 /* Frameworks */ = {
			isa = PBXFrameworksBuildPhase;
			buildActionMask = 2147483647;
			files = (
				44AB82882F4CE11E00D42103 /* Lottie in Frameworks */,
			);
			runOnlyForDeploymentPostprocessing = 0;
		};
		44B911402F4C9A1400B3D836 /* Frameworks */ = {
			isa = PBXFrameworksBuildPhase;
			buildActionMask = 2147483647;
			files = (
			);
			runOnlyForDeploymentPostprocessing = 0;
		};
		44B9114A2F4C9A1400B3D836 /* Frameworks */ = {
			isa = PBXFrameworksBuildPhase;
			buildActionMask = 2147483647;
			files = (
			);
			runOnlyForDeploymentPostprocessing = 0;
		};
		44B911622F4C9A1400B3D836 /* Frameworks */ = {
			isa = PBXFrameworksBuildPhase;
			buildActionMask = 2147483647;
			files = (
			);
			runOnlyForDeploymentPostprocessing = 0;
		};
/* End PBXFrameworksBuildPhase section */

/* Begin PBXGroup section */
		44B9112B2F4C9A1300B3D836 = {
			isa = PBXGroup;
			children = (
				44B911362F4C9A1300B3D836 /* SkylightWeather */,
				44B911462F4C9A1400B3D836 /* SkylightWeatherTests */,
				44B911502F4C9A1400B3D836 /* SkylightWeatherUITests */,
				44B911612F4C9A1400B3D836 /* SkylightWeatherWidget */,
				44B911702F4C9A1400B3D836 /* SkylightWeatherShared */,
				44B911352F4C9A1300B3D836 /* Products */,
			);
			sourceTree = "<group>";
		};
		44B911352F4C9A1300B3D836 /* Products */ = {
			isa = PBXGroup;
			children = (
				44B911342F4C9A1300B3D836 /* SkylightWeather.app */,
				44B911432F4C9A1400B3D836 /* SkylightWeatherTests.xctest */,
				44B9114D2F4C9A1400B3D836 /* SkylightWeatherUITests.xctest */,
				44B911602F4C9A1400B3D836 /* SkylightWeatherWidget.appex */,
			);
			name = Products;
			sourceTree = "<group>";
		};
/* End PBXGroup section */

/* Begin PBXNativeTarget section */
		44B911332F4C9A1300B3D836 /* SkylightWeather */ = {
			isa = PBXNativeTarget;
			buildConfigurationList = 44B911572F4C9A1400B3D836 /* Build configuration list for PBXNativeTarget "SkylightWeather" */;
			buildPhases = (
				44B911302F4C9A1300B3D836 /* Sources */,
				44B911312F4C9A1300B3D836 /* Frameworks */,
				44B911322F4C9A1300B3D836 /* Resources */,
				44B9116A2F4C9A1400B3D836 /* Embed App Extensions */,
			);
			buildRules = (
			);
			dependencies = (
				44B9116B2F4C9A1400B3D836 /* PBXTargetDependency */,
			);
			fileSystemSynchronizedGroups = (
				44B911362F4C9A1300B3D836 /* SkylightWeather */,
				44B911702F4C9A1400B3D836 /* SkylightWeatherShared */,
			);
			name = SkylightWeather;
			packageProductDependencies = (
				44B911812F4C9B0000B3D836 /* Lottie */,
			);
			productName = SkylightWeather;
			productReference = 44B911342F4C9A1300B3D836 /* SkylightWeather.app */;
			productType = "com.apple.product-type.application";
		};
		44B911422F4C9A1400B3D836 /* SkylightWeatherTests */ = {
			isa = PBXNativeTarget;
			buildConfigurationList = 44B9115A2F4C9A1400B3D836 /* Build configuration list for PBXNativeTarget "SkylightWeatherTests" */;
			buildPhases = (
				44B9113F2F4C9A1400B3D836 /* Sources */,
				44B911402F4C9A1400B3D836 /* Frameworks */,
				44B911412F4C9A1400B3D836 /* Resources */,
			);
			buildRules = (
			);
			dependencies = (
				44B911452F4C9A1400B3D836 /* PBXTargetDependency */,
			);
			fileSystemSynchronizedGroups = (
				44B911462F4C9A1400B3D836 /* SkylightWeatherTests */,
			);
			name = SkylightWeatherTests;
			packageProductDependencies = (
			);
			productName = SkylightWeatherTests;
			productReference = 44B911432F4C9A1400B3D836 /* SkylightWeatherTests.xctest */;
			productType = "com.apple.product-type.bundle.unit-test";
		};
		44B9114C2F4C9A1400B3D836 /* SkylightWeatherUITests */ = {
			isa = PBXNativeTarget;
			buildConfigurationList = 44B9115D2F4C9A1400B3D836 /* Build configuration list for PBXNativeTarget "SkylightWeatherUITests" */;
			buildPhases = (
				44B911492F4C9A1400B3D836 /* Sources */,
				44B9114A2F4C9A1400B3D836 /* Frameworks */,
				44B9114B2F4C9A1400B3D836 /* Resources */,
			);
			buildRules = (
			);
			dependencies = (
				44B9114F2F4C9A1400B3D836 /* PBXTargetDependency */,
			);
			fileSystemSynchronizedGroups = (
				44B911502F4C9A1400B3D836 /* SkylightWeatherUITests */,
			);
			name = SkylightWeatherUITests;
			packageProductDependencies = (
			);
			productName = SkylightWeatherUITests;
			productReference = 44B9114D2F4C9A1400B3D836 /* SkylightWeatherUITests.xctest */;
			productType = "com.apple.product-type.bundle.ui-testing";
		};
		44B911652F4C9A1400B3D836 /* SkylightWeatherWidget */ = {
			isa = PBXNativeTarget;
			buildConfigurationList = 44B911662F4C9A1400B3D836 /* Build configuration list for PBXNativeTarget "SkylightWeatherWidget" */;
			buildPhases = (
				44B911642F4C9A1400B3D836 /* Sources */,
				44B911622F4C9A1400B3D836 /* Frameworks */,
				44B911632F4C9A1400B3D836 /* Resources */,
			);
			buildRules = (
			);
			dependencies = (
			);
			fileSystemSynchronizedGroups = (
				44B911612F4C9A1400B3D836 /* SkylightWeatherWidget */,
				44B911702F4C9A1400B3D836 /* SkylightWeatherShared */,
			);
			name = SkylightWeatherWidget;
			packageProductDependencies = (
			);
			productName = SkylightWeatherWidget;
			productReference = 44B911602F4C9A1400B3D836 /* SkylightWeatherWidget.appex */;
			productType = "com.apple.product-type.app-extension";
		};
/* End PBXNativeTarget section */

/* Begin PBXProject section */
		44B9112C2F4C9A1300B3D836 /* Project object */ = {
			isa = PBXProject;
			attributes = {
				BuildIndependentTargetsInParallel = 1;
				LastSwiftUpdateCheck = 2620;
				LastUpgradeCheck = 2620;
				TargetAttributes = {
					44B911332F4C9A1300B3D836 = {
						CreatedOnToolsVersion = 26.2;
					};
					44B911422F4C9A1400B3D836 = {
						CreatedOnToolsVersion = 26.2;
						TestTargetID = 44B911332F4C9A1300B3D836;
					};
					44B9114C2F4C9A1400B3D836 = {
						CreatedOnToolsVersion = 26.2;
						TestTargetID = 44B911332F4C9A1300B3D836;
					};
					44B911652F4C9A1400B3D836 = {
						CreatedOnToolsVersion = 26.2;
					};
				};
			};
			buildConfigurationList = 44B9112F2F4C9A1300B3D836 /* Build configuration list for PBXProject "SkylightWeather" */;
			developmentRegion = en;
			hasScannedForEncodings = 0;
			knownRegions = (
				en,
				Base,
				ru,
			);
			mainGroup = 44B9112B2F4C9A1300B3D836;
			minimizedProjectReferenceProxies = 1;
			packageReferences = (
				44B911802F4C9B0000B3D836 /* XCRemoteSwiftPackageReference "lottie-ios" */,
			);
			preferredProjectObjectVersion = 77;
			productRefGroup = 44B911352F4C9A1300B3D836 /* Products */;
			projectDirPath = "";
			projectRoot = "";
			targets = (
				44B911332F4C9A1300B3D836 /* SkylightWeather */,
				44B911422F4C9A1400B3D836 /* SkylightWeatherTests */,
				44B9114C2F4C9A1400B3D836 /* SkylightWeatherUITests */,
				44B911652F4C9A1400B3D836 /* SkylightWeatherWidget */,
			);
		};
/* End PBXProject section */

/* Begin PBXResourcesBuildPhase section */
		44B911322F4C9A1300B3D836 /* Resources */ = {
			isa = PBXResourcesBuildPhase;
			buildActionMask = 2147483647;
			files = (
			);
			runOnlyForDeploymentPostprocessing = 0;
		};
		44B911412F4C9A1400B3D836 /* Resources */ = {
			isa = PBXResourcesBuildPhase;
			buildActionMask = 2147483647;
			files = (
			);
			runOnlyForDeploymentPostprocessing = 0;
		};
		44B9114B2F4C9A1400B3D836 /* Resources */ = {
			isa = PBXResourcesBuildPhase;
			buildActionMask = 2147483647;
			files = (
			);
			runOnlyForDeploymentPostprocessing = 0;
		};
		44B911632F4C9A1400B3D836 /* Resources */ = {
			isa = PBXResourcesBuildPhase;
			buildActionMask = 2147483647;
			files = (
			);
			runOnlyForDeploymentPostprocessing = 0;
		};
/* End PBXResourcesBuildPhase section */

/* Begin PBXSourcesBuildPhase section */
		44B911302F4C9A1300B3D836 /* Sources */ = {
			isa = PBXSourcesBuildPhase;
			buildActionMask = 2147483647;
			files = (
			);
			runOnlyForDeploymentPostprocessing = 0;
		};
		44B9113F2F4C9A1400B3D836 /* Sources */ = {
			isa = PBXSourcesBuildPhase;
			buildActionMask = 2147483647;
			files = (
			);
			runOnlyForDeploymentPostprocessing = 0;
		};
		44B911492F4C9A1400B3D836 /* Sources */ = {
			isa = PBXSourcesBuildPhase;
			buildActionMask = 2147483647;
			files = (
			);
			runOnlyForDeploymentPostprocessing = 0;
		};
		44B911642F4C9A1400B3D836 /* Sources */ = {
			isa = PBXSourcesBuildPhase;
			buildActionMask = 2147483647;
			files = (
			);
			runOnlyForDeploymentPostprocessing = 0;
		};
/* End PBXSourcesBuildPhase section */

/* Begin PBXTargetDependency section */
		44B911452F4C9A1400B3D836 /* PBXTargetDependency */ = {
			isa = PBXTargetDependency;
			target = 44B911332F4C9A1300B3D836 /* SkylightWeather */;
			targetProxy = 44B911442F4C9A1400B3D836 /* PBXContainerItemProxy */;
		};
		44B9114F2F4C9A1400B3D836 /* PBXTargetDependency */ = {
			isa = PBXTargetDependency;
			target = 44B911332F4C9A1300B3D836 /* SkylightWeather */;
			targetProxy = 44B9114E2F4C9A1400B3D836 /* PBXContainerItemProxy */;
		};
		44B9116B2F4C9A1400B3D836 /* PBXTargetDependency */ = {
			isa = PBXTargetDependency;
			target = 44B911652F4C9A1400B3D836 /* SkylightWeatherWidget */;
			targetProxy = 44B9116C2F4C9A1400B3D836 /* PBXContainerItemProxy */;
		};
/* End PBXTargetDependency section */

/* Begin XCBuildConfiguration section */
		44B911552F4C9A1400B3D836 /* Debug */ = {
			isa = XCBuildConfiguration;
			buildSettings = {
				ALWAYS_SEARCH_USER_PATHS = NO;
				ASSETCATALOG_COMPILER_GENERATE_SWIFT_ASSET_SYMBOL_EXTENSIONS = YES;
				CLANG_ANALYZER_NONNULL = YES;
				CLANG_ANALYZER_NUMBER_OBJECT_CONVERSION = YES_AGGRESSIVE;
				CLANG_CXX_LANGUAGE_STANDARD = "gnu++20";
				CLANG_ENABLE_MODULES = YES;
				CLANG_ENABLE_OBJC_ARC = YES;
				CLANG_ENABLE_OBJC_WEAK = YES;
				CLANG_WARN_BLOCK_CAPTURE_AUTORELEASING = YES;
				CLANG_WARN_BOOL_CONVERSION = YES;
				CLANG_WARN_COMMA = YES;
				CLANG_WARN_CONSTANT_CONVERSION = YES;
				CLANG_WARN_DEPRECATED_OBJC_IMPLEMENTATIONS = YES;
				CLANG_WARN_DIRECT_OBJC_ISA_USAGE = YES_ERROR;
				CLANG_WARN_DOCUMENTATION_COMMENTS = YES;
				CLANG_WARN_EMPTY_BODY = YES;
				CLANG_WARN_ENUM_CONVERSION = YES;
				CLANG_WARN_INFINITE_RECURSION = YES;
				CLANG_WARN_INT_CONVERSION = YES;
				CLANG_WARN_NON_LITERAL_NULL_CONVERSION = YES;
				CLANG_WARN_OBJC_IMPLICIT_RETAIN_SELF = YES;
				CLANG_WARN_OBJC_LITERAL_CONVERSION = YES;
				CLANG_WARN_OBJC_ROOT_CLASS = YES_ERROR;
				CLANG_WARN_QUOTED_INCLUDE_IN_FRAMEWORK_HEADER = YES;
				CLANG_WARN_RANGE_LOOP_ANALYSIS = YES;
				CLANG_WARN_STRICT_PROTOTYPES = YES;
				CLANG_WARN_SUSPICIOUS_MOVE = YES;
				CLANG_WARN_UNGUARDED_AVAILABILITY = YES_AGGRESSIVE;
				CLANG_WARN_UNREACHABLE_CODE = YES;
				CLANG_WARN__DUPLICATE_METHOD_MATCH = YES;
				COPY_PHASE_STRIP = NO;
				DEBUG_INFORMATION_FORMAT = dwarf;
				DEVELOPMENT_TEAM = R884VRLUZ7;
				ENABLE_STRICT_OBJC_MSGSEND = YES;
				ENABLE_TESTABILITY = YES;
				ENABLE_USER_SCRIPT_SANDBOXING = YES;
				GCC_C_LANGUAGE_STANDARD = gnu17;
				GCC_DYNAMIC_NO_PIC = NO;
				GCC_NO_COMMON_BLOCKS = YES;
				GCC_OPTIMIZATION_LEVEL = 0;
				GCC_PREPROCESSOR_DEFINITIONS = (
					"DEBUG=1",
					"$(inherited)",
				);
				GCC_WARN_64_TO_32_BIT_CONVERSION = YES;
				GCC_WARN_ABOUT_RETURN_TYPE = YES_ERROR;
				GCC_WARN_UNDECLARED_SELECTOR = YES;
				GCC_WARN_UNINITIALIZED_AUTOS = YES_AGGRESSIVE;
				GCC_WARN_UNUSED_FUNCTION = YES;
				GCC_WARN_UNUSED_VARIABLE = YES;
				LOCALIZATION_PREFERS_STRING_CATALOGS = YES;
				MTL_ENABLE_DEBUG_INFO = INCLUDE_SOURCE;
				MTL_FAST_MATH = YES;
				ONLY_ACTIVE_ARCH = YES;
				SWIFT_ACTIVE_COMPILATION_CONDITIONS = "DEBUG $(inherited)";
				SWIFT_OPTIMIZATION_LEVEL = "-Onone";
			};
			name = Debug;
		};
		44B911562F4C9A1400B3D836 /* Release */ = {
			isa = XCBuildConfiguration;
			buildSettings = {
				ALWAYS_SEARCH_USER_PATHS = NO;
				ASSETCATALOG_COMPILER_GENERATE_SWIFT_ASSET_SYMBOL_EXTENSIONS = YES;
				CLANG_ANALYZER_NONNULL = YES;
				CLANG_ANALYZER_NUMBER_OBJECT_CONVERSION = YES_AGGRESSIVE;
				CLANG_CXX_LANGUAGE_STANDARD = "gnu++20";
				CLANG_ENABLE_MODULES = YES;
				CLANG_ENABLE_OBJC_ARC = YES;
				CLANG_ENABLE_OBJC_WEAK = YES;
				CLANG_WARN_BLOCK_CAPTURE_AUTORELEASING = YES;
				CLANG_WARN_BOOL_CONVERSION = YES;
				CLANG_WARN_COMMA = YES;
				CLANG_WARN_CONSTANT_CONVERSION = YES;
				CLANG_WARN_DEPRECATED_OBJC_IMPLEMENTATIONS = YES;
				CLANG_WARN_DIRECT_OBJC_ISA_USAGE = YES_ERROR;
				CLANG_WARN_DOCUMENTATION_COMMENTS = YES;
				CLANG_WARN_EMPTY_BODY = YES;
				CLANG_WARN_ENUM_CONVERSION = YES;
				CLANG_WARN_INFINITE_RECURSION = YES;
				CLANG_WARN_INT_CONVERSION = YES;
				CLANG_WARN_NON_LITERAL_NULL_CONVERSION = YES;
				CLANG_WARN_OBJC_IMPLICIT_RETAIN_SELF = YES;
				CLANG_WARN_OBJC_LITERAL_CONVERSION = YES;
				CLANG_WARN_OBJC_ROOT_CLASS = YES_ERROR;
				CLANG_WARN_QUOTED_INCLUDE_IN_FRAMEWORK_HEADER = YES;
				CLANG_WARN_RANGE_LOOP_ANALYSIS = YES;
				CLANG_WARN_STRICT_PROTOTYPES = YES;
				CLANG_WARN_SUSPICIOUS_MOVE = YES;
				CLANG_WARN_UNGUARDED_AVAILABILITY = YES_AGGRESSIVE;
				CLANG_WARN_UNREACHABLE_CODE = YES;
				CLANG_WARN__DUPLICATE_METHOD_MATCH = YES;
				COPY_PHASE_STRIP = NO;
				DEBUG_INFORMATION_FORMAT = "dwarf-with-dsym";
				DEVELOPMENT_TEAM = R884VRLUZ7;
				ENABLE_NS_ASSERTIONS = NO;
				ENABLE_STRICT_OBJC_MSGSEND = YES;
				ENABLE_USER_SCRIPT_SANDBOXING = YES;
				GCC_C_LANGUAGE_STANDARD = gnu17;
				GCC_NO_COMMON_BLOCKS = YES;
				GCC_WARN_64_TO_32_BIT_CONVERSION = YES;
				GCC_WARN_ABOUT_RETURN_TYPE = YES_ERROR;
				GCC_WARN_UNDECLARED_SELECTOR = YES;
				GCC_WARN_UNINITIALIZED_AUTOS = YES_AGGRESSIVE;
				GCC_WARN_UNUSED_FUNCTION = YES;
				GCC_WARN_UNUSED_VARIABLE = YES;
				LOCALIZATION_PREFERS_STRING_CATALOGS = YES;
				MTL_ENABLE_DEBUG_INFO = NO;
				MTL_FAST_MATH = YES;
				SWIFT_COMPILATION_MODE = wholemodule;
			};
			name = Release;
		};
		44B911582F4C9A1400B3D836 /* Debug */ = {
			isa = XCBuildConfiguration;
			buildSettings = {
				APP_ENVIRONMENT = dev;
				ASSETCATALOG_COMPILER_APPICON_NAME = AppIcon;
				ASSETCATALOG_COMPILER_GLOBAL_ACCENT_COLOR_NAME = AccentColor;
				CODE_SIGN_ENTITLEMENTS = SkylightWeather/SkylightWeather.entitlements;
				CODE_SIGN_STYLE = Automatic;
				CURRENT_PROJECT_VERSION = 1;
				DEVELOPMENT_TEAM = R884VRLUZ7;
				ENABLE_PREVIEWS = YES;
				GENERATE_INFOPLIST_FILE = YES;
				INFOPLIST_FILE = Info.plist;
				INFOPLIST_KEY_APP_ENVIRONMENT = "$(APP_ENVIRONMENT)";
				INFOPLIST_KEY_NSLocationWhenInUseUsageDescription = "Location access is required to show weather for your area";
				INFOPLIST_KEY_UIApplicationSupportsIndirectInputEvents = YES;
				"INFOPLIST_KEY_UIApplicationSupportsIndirectInputEvents[sdk=iphoneos*]" = YES;
				"INFOPLIST_KEY_UIApplicationSupportsIndirectInputEvents[sdk=iphonesimulator*]" = YES;
				INFOPLIST_KEY_UILaunchScreen_Generation = YES;
				"INFOPLIST_KEY_UILaunchScreen_Generation[sdk=iphoneos*]" = YES;
				"INFOPLIST_KEY_UILaunchScreen_Generation[sdk=iphonesimulator*]" = YES;
				INFOPLIST_KEY_UIStatusBarStyle = UIStatusBarStyleDefault;
				"INFOPLIST_KEY_UIStatusBarStyle[sdk=iphoneos*]" = UIStatusBarStyleDefault;
				"INFOPLIST_KEY_UIStatusBarStyle[sdk=iphonesimulator*]" = UIStatusBarStyleDefault;
				INFOPLIST_KEY_UISupportedInterfaceOrientations = UIInterfaceOrientationPortrait;
				INFOPLIST_KEY_UISupportedInterfaceOrientations_iPad = "UIInterfaceOrientationLandscapeLeft UIInterfaceOrientationLandscapeRight UIInterfaceOrientationPortrait UIInterfaceOrientationPortraitUpsideDown";
				INFOPLIST_KEY_WEATHER_API_HOST = "$(WEATHER_API_HOST)";
				INFOPLIST_KEY_WEATHER_API_KEY = "$(WEATHER_API_KEY)";
				INFOPLIST_KEY_WEATHER_API_SCHEME = "$(WEATHER_API_SCHEME)";
				IPHONEOS_DEPLOYMENT_TARGET = 17.0;
				LD_RUNPATH_SEARCH_PATHS = "@executable_path/Frameworks";
				MARKETING_VERSION = 1.0;
				PRODUCT_BUNDLE_IDENTIFIER = test.SkylightWeather;
				PRODUCT_NAME = "$(TARGET_NAME)";
				SDKROOT = iphoneos;
				STRING_CATALOG_GENERATE_SYMBOLS = YES;
				SUPPORTED_PLATFORMS = "iphoneos iphonesimulator";
				SUPPORTS_MACCATALYST = NO;
				SUPPORTS_MAC_DESIGNED_FOR_IPHONE_IPAD = NO;
				SUPPORTS_XR_DESIGNED_FOR_IPHONE_IPAD = NO;
				SWIFT_ACTIVE_COMPILATION_CONDITIONS = "$(inherited) APP_ENV_DEV";
				SWIFT_APPROACHABLE_CONCURRENCY = YES;
				SWIFT_DEFAULT_ACTOR_ISOLATION = MainActor;
				SWIFT_EMIT_LOC_STRINGS = YES;
				SWIFT_UPCOMING_FEATURE_MEMBER_IMPORT_VISIBILITY = YES;
				SWIFT_VERSION = 5.0;
				TARGETED_DEVICE_FAMILY = 1;
				WEATHER_API_HOST = api.weatherapi.com;
				WEATHER_API_KEY = "";
				WEATHER_API_SCHEME = https;
			};
			name = Debug;
		};
		44B911592F4C9A1400B3D836 /* Release */ = {
			isa = XCBuildConfiguration;
			buildSettings = {
				APP_ENVIRONMENT = prod;
				ASSETCATALOG_COMPILER_APPICON_NAME = AppIcon;
				ASSETCATALOG_COMPILER_GLOBAL_ACCENT_COLOR_NAME = AccentColor;
				CODE_SIGN_ENTITLEMENTS = SkylightWeather/SkylightWeather.entitlements;
				CODE_SIGN_STYLE = Automatic;
				CURRENT_PROJECT_VERSION = 1;
				DEVELOPMENT_TEAM = R884VRLUZ7;
				ENABLE_PREVIEWS = YES;
				GENERATE_INFOPLIST_FILE = YES;
				INFOPLIST_FILE = Info.plist;
				INFOPLIST_KEY_APP_ENVIRONMENT = "$(APP_ENVIRONMENT)";
				INFOPLIST_KEY_NSLocationWhenInUseUsageDescription = "Location access is required to show weather for your area";
				INFOPLIST_KEY_UIApplicationSupportsIndirectInputEvents = YES;
				"INFOPLIST_KEY_UIApplicationSupportsIndirectInputEvents[sdk=iphoneos*]" = YES;
				"INFOPLIST_KEY_UIApplicationSupportsIndirectInputEvents[sdk=iphonesimulator*]" = YES;
				INFOPLIST_KEY_UILaunchScreen_Generation = YES;
				"INFOPLIST_KEY_UILaunchScreen_Generation[sdk=iphoneos*]" = YES;
				"INFOPLIST_KEY_UILaunchScreen_Generation[sdk=iphonesimulator*]" = YES;
				INFOPLIST_KEY_UIStatusBarStyle = UIStatusBarStyleDefault;
				"INFOPLIST_KEY_UIStatusBarStyle[sdk=iphoneos*]" = UIStatusBarStyleDefault;
				"INFOPLIST_KEY_UIStatusBarStyle[sdk=iphonesimulator*]" = UIStatusBarStyleDefault;
				INFOPLIST_KEY_UISupportedInterfaceOrientations = UIInterfaceOrientationPortrait;
				INFOPLIST_KEY_UISupportedInterfaceOrientations_iPad = "UIInterfaceOrientationLandscapeLeft UIInterfaceOrientationLandscapeRight UIInterfaceOrientationPortrait UIInterfaceOrientationPortraitUpsideDown";
				INFOPLIST_KEY_WEATHER_API_HOST = "$(WEATHER_API_HOST)";
				INFOPLIST_KEY_WEATHER_API_KEY = "$(WEATHER_API_KEY)";
				INFOPLIST_KEY_WEATHER_API_SCHEME = "$(WEATHER_API_SCHEME)";
				IPHONEOS_DEPLOYMENT_TARGET = 17.0;
				LD_RUNPATH_SEARCH_PATHS = "@executable_path/Frameworks";
				MARKETING_VERSION = 1.0;
				PRODUCT_BUNDLE_IDENTIFIER = test.SkylightWeather;
				PRODUCT_NAME = "$(TARGET_NAME)";
				SDKROOT = iphoneos;
				STRING_CATALOG_GENERATE_SYMBOLS = YES;
				SUPPORTED_PLATFORMS = "iphoneos iphonesimulator";
				SUPPORTS_MACCATALYST = NO;
				SUPPORTS_MAC_DESIGNED_FOR_IPHONE_IPAD = NO;
				SUPPORTS_XR_DESIGNED_FOR_IPHONE_IPAD = NO;
				SWIFT_ACTIVE_COMPILATION_CONDITIONS = "$(inherited) APP_ENV_PROD";
				SWIFT_APPROACHABLE_CONCURRENCY = YES;
				SWIFT_DEFAULT_ACTOR_ISOLATION = MainActor;
				SWIFT_EMIT_LOC_STRINGS = YES;
				SWIFT_UPCOMING_FEATURE_MEMBER_IMPORT_VISIBILITY = YES;
				SWIFT_VERSION = 5.0;
				TARGETED_DEVICE_FAMILY = 1;
				WEATHER_API_HOST = api.weatherapi.com;
				WEATHER_API_KEY = "";
				WEATHER_API_SCHEME = https;
			};
			name = Release;
		};
		44B9115B2F4C9A1400B3D836 /* Debug */ = {
			isa = XCBuildConfiguration;
			buildSettings = {
				BUNDLE_LOADER = "$(TEST_HOST)";
				CODE_SIGN_STYLE = Automatic;
				CURRENT_PROJECT_VERSION = 1;
				DEVELOPMENT_TEAM = R884VRLUZ7;
				GENERATE_INFOPLIST_FILE = YES;
				IPHONEOS_DEPLOYMENT_TARGET = 17.0;
				MARKETING_VERSION = 1.0;
				PRODUCT_BUNDLE_IDENTIFIER = test.SkylightWeatherTests;
				PRODUCT_NAME = "$(TARGET_NAME)";
				SDKROOT = iphoneos;
				STRING_CATALOG_GENERATE_SYMBOLS = NO;
				SUPPORTED_PLATFORMS = "iphoneos iphonesimulator";
				SWIFT_APPROACHABLE_CONCURRENCY = YES;
				SWIFT_EMIT_LOC_STRINGS = NO;
				SWIFT_UPCOMING_FEATURE_MEMBER_IMPORT_VISIBILITY = YES;
				SWIFT_VERSION = 5.0;
				TARGETED_DEVICE_FAMILY = "1,2";
				TEST_HOST = "$(BUILT_PRODUCTS_DIR)/SkylightWeather.app/$(BUNDLE_EXECUTABLE_FOLDER_PATH)/SkylightWeather";
			};
			name = Debug;
		};
		44B9115C2F4C9A1400B3D836 /* Release */ = {
			isa = XCBuildConfiguration;
			buildSettings = {
				BUNDLE_LOADER = "$(TEST_HOST)";
				CODE_SIGN_STYLE = Automatic;
				CURRENT_PROJECT_VERSION = 1;
				DEVELOPMENT_TEAM = R884VRLUZ7;
				GENERATE_INFOPLIST_FILE = YES;
				IPHONEOS_DEPLOYMENT_TARGET = 17.0;
				MARKETING_VERSION = 1.0;
				PRODUCT_BUNDLE_IDENTIFIER = test.SkylightWeatherTests;
				PRODUCT_NAME = "$(TARGET_NAME)";
				SDKROOT = iphoneos;
				STRING_CATALOG_GENERATE_SYMBOLS = NO;
				SUPPORTED_PLATFORMS = "iphoneos iphonesimulator";
				SWIFT_APPROACHABLE_CONCURRENCY = YES;
				SWIFT_EMIT_LOC_STRINGS = NO;
				SWIFT_UPCOMING_FEATURE_MEMBER_IMPORT_VISIBILITY = YES;
				SWIFT_VERSION = 5.0;
				TARGETED_DEVICE_FAMILY = "1,2";
				TEST_HOST = "$(BUILT_PRODUCTS_DIR)/SkylightWeather.app/$(BUNDLE_EXECUTABLE_FOLDER_PATH)/SkylightWeather";
			};
			name = Release;
		};
		44B9115E2F4C9A1400B3D836 /* Debug */ = {
			isa = XCBuildConfiguration;
			buildSettings = {
				CODE_SIGN_STYLE = Automatic;
				CURRENT_PROJECT_VERSION = 1;
				DEVELOPMENT_TEAM = R884VRLUZ7;
				GENERATE_INFOPLIST_FILE = YES;
				IPHONEOS_DEPLOYMENT_TARGET = 17.0;
				MARKETING_VERSION = 1.0;
				PRODUCT_BUNDLE_IDENTIFIER = test.SkylightWeatherUITests;
				PRODUCT_NAME = "$(TARGET_NAME)";
				SDKROOT = iphoneos;
				STRING_CATALOG_GENERATE_SYMBOLS = NO;
				SUPPORTED_PLATFORMS = "iphoneos iphonesimulator";
				SWIFT_APPROACHABLE_CONCURRENCY = YES;
				SWIFT_EMIT_LOC_STRINGS = NO;
				SWIFT_UPCOMING_FEATURE_MEMBER_IMPORT_VISIBILITY = YES;
				SWIFT_VERSION = 5.0;
				TARGETED_DEVICE_FAMILY = "1,2";
				TEST_TARGET_NAME = SkylightWeather;
			};
			name = Debug;
		};
		44B9115F2F4C9A1400B3D836 /* Release */ = {
			isa = XCBuildConfiguration;
			buildSettings = {
				CODE_SIGN_STYLE = Automatic;
				CURRENT_PROJECT_VERSION = 1;
				DEVELOPMENT_TEAM = R884VRLUZ7;
				GENERATE_INFOPLIST_FILE = YES;
				IPHONEOS_DEPLOYMENT_TARGET = 17.0;
				MARKETING_VERSION = 1.0;
				PRODUCT_BUNDLE_IDENTIFIER = test.SkylightWeatherUITests;
				PRODUCT_NAME = "$(TARGET_NAME)";
				SDKROOT = iphoneos;
				STRING_CATALOG_GENERATE_SYMBOLS = NO;
				SUPPORTED_PLATFORMS = "iphoneos iphonesimulator";
				SWIFT_APPROACHABLE_CONCURRENCY = YES;
				SWIFT_EMIT_LOC_STRINGS = NO;
				SWIFT_UPCOMING_FEATURE_MEMBER_IMPORT_VISIBILITY = YES;
				SWIFT_VERSION = 5.0;
				TARGETED_DEVICE_FAMILY = "1,2";
				TEST_TARGET_NAME = SkylightWeather;
			};
			name = Release;
		};
		44B911672F4C9A1400B3D836 /* Debug */ = {
			isa = XCBuildConfiguration;
			buildSettings = {
				APPLICATION_EXTENSION_API_ONLY = YES;
				CODE_SIGN_ENTITLEMENTS = SkylightWeatherWidget/SkylightWeatherWidget.entitlements;
				CODE_SIGN_STYLE = Automatic;
				CURRENT_PROJECT_VERSION = 1;
				DEVELOPMENT_TEAM = R884VRLUZ7;
				GENERATE_INFOPLIST_FILE = NO;
				INFOPLIST_FILE = SkylightWeatherWidget/Info.plist;
				IPHONEOS_DEPLOYMENT_TARGET = 17.0;
				LD_RUNPATH_SEARCH_PATHS = (
					"$(inherited)",
					"@executable_path/Frameworks",
					"@executable_path/../../Frameworks",
				);
				MARKETING_VERSION = 1.0;
				PRODUCT_BUNDLE_IDENTIFIER = test.SkylightWeather.widget;
				PRODUCT_NAME = "$(TARGET_NAME)";
				SDKROOT = iphoneos;
				SKIP_INSTALL = YES;
				SUPPORTED_PLATFORMS = "iphoneos iphonesimulator";
				SWIFT_APPROACHABLE_CONCURRENCY = YES;
				SWIFT_DEFAULT_ACTOR_ISOLATION = MainActor;
				SWIFT_EMIT_LOC_STRINGS = YES;
				SWIFT_UPCOMING_FEATURE_MEMBER_IMPORT_VISIBILITY = YES;
				SWIFT_VERSION = 5.0;
				TARGETED_DEVICE_FAMILY = 1;
			};
			name = Debug;
		};
		44B911682F4C9A1400B3D836 /* Release */ = {
			isa = XCBuildConfiguration;
			buildSettings = {
				APPLICATION_EXTENSION_API_ONLY = YES;
				CODE_SIGN_ENTITLEMENTS = SkylightWeatherWidget/SkylightWeatherWidget.entitlements;
				CODE_SIGN_STYLE = Automatic;
				CURRENT_PROJECT_VERSION = 1;
				DEVELOPMENT_TEAM = R884VRLUZ7;
				GENERATE_INFOPLIST_FILE = NO;
				INFOPLIST_FILE = SkylightWeatherWidget/Info.plist;
				IPHONEOS_DEPLOYMENT_TARGET = 17.0;
				LD_RUNPATH_SEARCH_PATHS = (
					"$(inherited)",
					"@executable_path/Frameworks",
					"@executable_path/../../Frameworks",
				);
				MARKETING_VERSION = 1.0;
				PRODUCT_BUNDLE_IDENTIFIER = test.SkylightWeather.widget;
				PRODUCT_NAME = "$(TARGET_NAME)";
				SDKROOT = iphoneos;
				SKIP_INSTALL = YES;
				SUPPORTED_PLATFORMS = "iphoneos iphonesimulator";
				SWIFT_APPROACHABLE_CONCURRENCY = YES;
				SWIFT_DEFAULT_ACTOR_ISOLATION = MainActor;
				SWIFT_EMIT_LOC_STRINGS = YES;
				SWIFT_UPCOMING_FEATURE_MEMBER_IMPORT_VISIBILITY = YES;
				SWIFT_VERSION = 5.0;
				TARGETED_DEVICE_FAMILY = 1;
			};
			name = Release;
		};
/* End XCBuildConfiguration section */

/* Begin XCConfigurationList section */
		44B9112F2F4C9A1300B3D836 /* Build configuration list for PBXProject "SkylightWeather" */ = {
			isa = XCConfigurationList;
			buildConfigurations = (
				44B911552F4C9A1400B3D836 /* Debug */,
				44B911562F4C9A1400B3D836 /* Release */,
			);
			defaultConfigurationIsVisible = 0;
			defaultConfigurationName = Release;
		};
		44B911572F4C9A1400B3D836 /* Build configuration list for PBXNativeTarget "SkylightWeather" */ = {
			isa = XCConfigurationList;
			buildConfigurations = (
				44B911582F4C9A1400B3D836 /* Debug */,
				44B911592F4C9A1400B3D836 /* Release */,
			);
			defaultConfigurationIsVisible = 0;
			defaultConfigurationName = Release;
		};
		44B9115A2F4C9A1400B3D836 /* Build configuration list for PBXNativeTarget "SkylightWeatherTests" */ = {
			isa = XCConfigurationList;
			buildConfigurations = (
				44B9115B2F4C9A1400B3D836 /* Debug */,
				44B9115C2F4C9A1400B3D836 /* Release */,
			);
			defaultConfigurationIsVisible = 0;
			defaultConfigurationName = Release;
		};
		44B9115D2F4C9A1400B3D836 /* Build configuration list for PBXNativeTarget "SkylightWeatherUITests" */ = {
			isa = XCConfigurationList;
			buildConfigurations = (
				44B9115E2F4C9A1400B3D836 /* Debug */,
				44B9115F2F4C9A1400B3D836 /* Release */,
			);
			defaultConfigurationIsVisible = 0;
			defaultConfigurationName = Release;
		};
		44B911662F4C9A1400B3D836 /* Build configuration list for PBXNativeTarget "SkylightWeatherWidget" */ = {
			isa = XCConfigurationList;
			buildConfigurations = (
				44B911672F4C9A1400B3D836 /* Debug */,
				44B911682F4C9A1400B3D836 /* Release */,
			);
			defaultConfigurationIsVisible = 0;
			defaultConfigurationName = Release;
		};
/* End XCConfigurationList section */

/* Begin XCRemoteSwiftPackageReference section */
		44B911802F4C9B0000B3D836 /* XCRemoteSwiftPackageReference "lottie-ios" */ = {
			isa = XCRemoteSwiftPackageReference;
			repositoryURL = "https://github.com/airbnb/lottie-ios.git";
			requirement = {
				kind = upToNextMajorVersion;
				minimumVersion = 4.6.0;
			};
		};
/* End XCRemoteSwiftPackageReference section */

/* Begin XCSwiftPackageProductDependency section */
		44B911812F4C9B0000B3D836 /* Lottie */ = {
			isa = XCSwiftPackageProductDependency;
			package = 44B911802F4C9B0000B3D836 /* XCRemoteSwiftPackageReference "lottie-ios" */;
			productName = Lottie;
		};
/* End XCSwiftPackageProductDependency section */
	};
	rootObject = 44B9112C2F4C9A1300B3D836 /* Project object */;
}
